
Microsoft Visual Studio Solution File, Format Version 12.00
# Visual Studio Version 16
VisualStudioVersion = 16.0.29509.3
MinimumVisualStudioVersion = 10.0.40219.1
Project("{FAE04EC0-301F-11D3-BF4B-00C04F79EFBC}") = "TabIt", "TabIt.csproj", "{DD596A68-1858-44F1-8742-78BA94B1B485}"
EndProject
Global
	GlobalSection(SolutionConfigurationPlatforms) = preSolution
		Debug|Any CPU = Debug|Any CPU
		Release|Any CPU = Release|Any CPU
	EndGlobalSection
	GlobalSection(ProjectConfigurationPlatforms) = postSolution
		{DD596A68-1858-44F1-8742-78BA94B1B485}.Debug|Any CPU.ActiveCfg = Debug|Any CPU
		{DD596A68-1858-44F1-8742-78BA94B1B485}.Debug|Any CPU.Build.0 = Debug|Any CPU
		{DD596A68-1858-44F1-8742-78BA94B1B485}.Release|Any CPU.ActiveCfg = Release|Any CPU
		{DD596A68-1858-44F1-8742-78BA94B1B485}.Release|Any CPU.Build.0 = Release|Any CPU
	EndGlobalSection
	GlobalSection(SolutionProperties) = preSolution
		HideSolutionNode = FALSE
	EndGlobalSection
	GlobalSection(ExtensibilityGlobals) = postSolution
		SolutionGuid = {6A1BAD19-5E71-496C-9296-4A2718685E49}
	EndGlobalSection
EndGlobal
